// !$*UTF8*$!
{
	archiveVersion = 1;
	classes = {
	};
	objectVersion = 50;
	objects = {

/* Begin PBXBuildFile section */
		605AABA3217B071DD0DDB074 /* Pods_PhotoApp.framework in Frameworks */ = {isa = PBXBuildFile; fileRef = 7ECF6D6F6F2A125F74905B0B /* Pods_PhotoApp.framework */; };
		CC62F68BB2EEDBBF3F5C3C4B /* Pods_PhotoAppUITests.framework in Frameworks */ = {isa = PBXBuildFile; fileRef = 2A408F6D74D0A3CB2B6F23DE /* Pods_PhotoAppUITests.framework */; };
		E83D6CC82138E66C00FAA264 /* BaseCollectionViewCell.swift in Sources */ = {isa = PBXBuildFile; fileRef = E83D6CC72138E66C00FAA264 /* BaseCollectionViewCell.swift */; };
		E83D6CCA21392ADB00FAA264 /* UIImageExtension.swift in Sources */ = {isa = PBXBuildFile; fileRef = E83D6CC921392ADB00FAA264 /* UIImageExtension.swift */; };
		E83D6CCC2139C37B00FAA264 /* PhotoViewController.swift in Sources */ = {isa = PBXBuildFile; fileRef = E83D6CCB2139C37B00FAA264 /* PhotoViewController.swift */; };
		E83D6CCE2139CA6600FAA264 /* UIImageViewExtension.swift in Sources */ = {isa = PBXBuildFile; fileRef = E83D6CCD2139CA6600FAA264 /* UIImageViewExtension.swift */; };
		E83D6CD0213B5FBE00FAA264 /* Repository.swift in Sources */ = {isa = PBXBuildFile; fileRef = E83D6CCF213B5FBE00FAA264 /* Repository.swift */; };
		E83D6CD2213B606800FAA264 /* ServerRepository.swift in Sources */ = {isa = PBXBuildFile; fileRef = E83D6CD1213B606800FAA264 /* ServerRepository.swift */; };
		E83D6CD4213B702200FAA264 /* DataManager.swift in Sources */ = {isa = PBXBuildFile; fileRef = E83D6CD3213B702200FAA264 /* DataManager.swift */; };
		E89CEF3F2136C37C00072337 /* AppDelegate.swift in Sources */ = {isa = PBXBuildFile; fileRef = E89CEF3E2136C37C00072337 /* AppDelegate.swift */; };
		E89CEF462136C37E00072337 /* Assets.xcassets in Resources */ = {isa = PBXBuildFile; fileRef = E89CEF452136C37E00072337 /* Assets.xcassets */; };
		E89CEF492136C37E00072337 /* LaunchScreen.storyboard in Resources */ = {isa = PBXBuildFile; fileRef = E89CEF472136C37E00072337 /* LaunchScreen.storyboard */; };
		E89CEF542136C37E00072337 /* PhotoAppTests.swift in Sources */ = {isa = PBXBuildFile; fileRef = E89CEF532136C37E00072337 /* PhotoAppTests.swift */; };
		E89CEF5F2136C37E00072337 /* PhotoAppUITests.swift in Sources */ = {isa = PBXBuildFile; fileRef = E89CEF5E2136C37E00072337 /* PhotoAppUITests.swift */; };
		E89CEF6E2136C91400072337 /* BaseViewController.swift in Sources */ = {isa = PBXBuildFile; fileRef = E89CEF6D2136C91400072337 /* BaseViewController.swift */; };
		E89CEF712136CD0200072337 /* PhotosViewController.swift in Sources */ = {isa = PBXBuildFile; fileRef = E89CEF702136CD0200072337 /* PhotosViewController.swift */; };
		E8AA568E21373A0200ECF0EF /* PhotosViewModel.swift in Sources */ = {isa = PBXBuildFile; fileRef = E8AA568D21373A0200ECF0EF /* PhotosViewModel.swift */; };
		E8AA569021373ADC00ECF0EF /* PhotoManager.swift in Sources */ = {isa = PBXBuildFile; fileRef = E8AA568F21373ADC00ECF0EF /* PhotoManager.swift */; };
		E8AA56932138261C00ECF0EF /* DateExtension.swift in Sources */ = {isa = PBXBuildFile; fileRef = E8AA56922138261C00ECF0EF /* DateExtension.swift */; };
		E8AA56B021383D6D00ECF0EF /* ImageCollectionViewCell.swift in Sources */ = {isa = PBXBuildFile; fileRef = E8AA56AF21383D6D00ECF0EF /* ImageCollectionViewCell.swift */; };
		E8B1751E213D79760019BA10 /* UICollectionViewExtension.swift in Sources */ = {isa = PBXBuildFile; fileRef = E8B1751D213D79760019BA10 /* UICollectionViewExtension.swift */; };
		F18E33213D060ECA7E3C543C /* Pods_PhotoAppTests.framework in Frameworks */ = {isa = PBXBuildFile; fileRef = D961DCE5DAB1D3EEDF974791 /* Pods_PhotoAppTests.framework */; };
/* End PBXBuildFile section */

/* Begin PBXContainerItemProxy section */
		E89CEF502136C37E00072337 /* PBXContainerItemProxy */ = {
			isa = PBXContainerItemProxy;
			containerPortal = E89CEF332136C37C00072337 /* Project object */;
			proxyType = 1;
			remoteGlobalIDString = E89CEF3A2136C37C00072337;
			remoteInfo = PhotoApp;
		};
		E89CEF5B2136C37E00072337 /* PBXContainerItemProxy */ = {
			isa = PBXContainerItemProxy;
			containerPortal = E89CEF332136C37C00072337 /* Project object */;
			proxyType = 1;
			remoteGlobalIDString = E89CEF3A2136C37C00072337;
			remoteInfo = PhotoApp;
		};
/* End PBXContainerItemProxy section */

/* Begin PBXFileReference section */
		173EC71147A5C7BB09A596F5 /* Pods-PhotoAppTests.debug.xcconfig */ = {isa = PBXFileReference; includeInIndex = 1; lastKnownFileType = text.xcconfig; name = "Pods-PhotoAppTests.debug.xcconfig"; path = "Pods/Target Support Files/Pods-PhotoAppTests/Pods-PhotoAppTests.debug.xcconfig"; sourceTree = "<group>"; };
		2A408F6D74D0A3CB2B6F23DE /* Pods_PhotoAppUITests.framework */ = {isa = PBXFileReference; explicitFileType = wrapper.framework; includeInIndex = 0; path = Pods_PhotoAppUITests.framework; sourceTree = BUILT_PRODUCTS_DIR; };
		3A81E6C3703B2DE17DE3A406 /* Pods-PhotoAppUITests.debug.xcconfig */ = {isa = PBXFileReference; includeInIndex = 1; lastKnownFileType = text.xcconfig; name = "Pods-PhotoAppUITests.debug.xcconfig"; path = "Pods/Target Support Files/Pods-PhotoAppUITests/Pods-PhotoAppUITests.debug.xcconfig"; sourceTree = "<group>"; };
		7ECF6D6F6F2A125F74905B0B /* Pods_PhotoApp.framework */ = {isa = PBXFileReference; explicitFileType = wrapper.framework; includeInIndex = 0; path = Pods_PhotoApp.framework; sourceTree = BUILT_PRODUCTS_DIR; };
		AEBE3A6ECA17017A7448A546 /* Pods-PhotoAppUITests.release.xcconfig */ = {isa = PBXFileReference; includeInIndex = 1; lastKnownFileType = text.xcconfig; name = "Pods-PhotoAppUITests.release.xcconfig"; path = "Pods/Target Support Files/Pods-PhotoAppUITests/Pods-PhotoAppUITests.release.xcconfig"; sourceTree = "<group>"; };
		BD674B8AEBA5FF3E12E92937 /* Pods-PhotoAppTests.release.xcconfig */ = {isa = PBXFileReference; includeInIndex = 1; lastKnownFileType = text.xcconfig; name = "Pods-PhotoAppTests.release.xcconfig"; path = "Pods/Target Support Files/Pods-PhotoAppTests/Pods-PhotoAppTests.release.xcconfig"; sourceTree = "<group>"; };
		D961DCE5DAB1D3EEDF974791 /* Pods_PhotoAppTests.framework */ = {isa = PBXFileReference; explicitFileType = wrapper.framework; includeInIndex = 0; path = Pods_PhotoAppTests.framework; sourceTree = BUILT_PRODUCTS_DIR; };
		E83D6CC72138E66C00FAA264 /* BaseCollectionViewCell.swift */ = {isa = PBXFileReference; lastKnownFileType = sourcecode.swift; path = BaseCollectionViewCell.swift; sourceTree = "<group>"; };
		E83D6CC921392ADB00FAA264 /* UIImageExtension.swift */ = {isa = PBXFileReference; lastKnownFileType = sourcecode.swift; path = UIImageExtension.swift; sourceTree = "<group>"; };
		E83D6CCB2139C37B00FAA264 /* PhotoViewController.swift */ = {isa = PBXFileReference; lastKnownFileType = sourcecode.swift; path = PhotoViewController.swift; sourceTree = "<group>"; };
		E83D6CCD2139CA6600FAA264 /* UIImageViewExtension.swift */ = {isa = PBXFileReference; lastKnownFileType = sourcecode.swift; path = UIImageViewExtension.swift; sourceTree = "<group>"; };
		E83D6CCF213B5FBE00FAA264 /* Repository.swift */ = {isa = PBXFileReference; lastKnownFileType = sourcecode.swift; path = Repository.swift; sourceTree = "<group>"; };
		E83D6CD1213B606800FAA264 /* ServerRepository.swift */ = {isa = PBXFileReference; lastKnownFileType = sourcecode.swift; path = ServerRepository.swift; sourceTree = "<group>"; };
		E83D6CD3213B702200FAA264 /* DataManager.swift */ = {isa = PBXFileReference; lastKnownFileType = sourcecode.swift; path = DataManager.swift; sourceTree = "<group>"; };
		E89CEF3B2136C37C00072337 /* PhotoApp.app */ = {isa = PBXFileReference; explicitFileType = wrapper.application; includeInIndex = 0; path = PhotoApp.app; sourceTree = BUILT_PRODUCTS_DIR; };
		E89CEF3E2136C37C00072337 /* AppDelegate.swift */ = {isa = PBXFileReference; lastKnownFileType = sourcecode.swift; path = AppDelegate.swift; sourceTree = "<group>"; };
		E89CEF452136C37E00072337 /* Assets.xcassets */ = {isa = PBXFileReference; lastKnownFileType = folder.assetcatalog; path = Assets.xcassets; sourceTree = "<group>"; };
		E89CEF482136C37E00072337 /* Base */ = {isa = PBXFileReference; lastKnownFileType = file.storyboard; name = Base; path = Base.lproj/LaunchScreen.storyboard; sourceTree = "<group>"; };
		E89CEF4A2136C37E00072337 /* Info.plist */ = {isa = PBXFileReference; lastKnownFileType = text.plist.xml; path = Info.plist; sourceTree = "<group>"; };
		E89CEF4F2136C37E00072337 /* PhotoAppTests.xctest */ = {isa = PBXFileReference; explicitFileType = wrapper.cfbundle; includeInIndex = 0; path = PhotoAppTests.xctest; sourceTree = BUILT_PRODUCTS_DIR; };
		E89CEF532136C37E00072337 /* PhotoAppTests.swift */ = {isa = PBXFileReference; lastKnownFileType = sourcecode.swift; path = PhotoAppTests.swift; sourceTree = "<group>"; };
		E89CEF552136C37E00072337 /* Info.plist */ = {isa = PBXFileReference; lastKnownFileType = text.plist.xml; path = Info.plist; sourceTree = "<group>"; };
		E89CEF5A2136C37E00072337 /* PhotoAppUITests.xctest */ = {isa = PBXFileReference; explicitFileType = wrapper.cfbundle; includeInIndex = 0; path = PhotoAppUITests.xctest; sourceTree = BUILT_PRODUCTS_DIR; };
		E89CEF5E2136C37E00072337 /* PhotoAppUITests.swift */ = {isa = PBXFileReference; lastKnownFileType = sourcecode.swift; path = PhotoAppUITests.swift; sourceTree = "<group>"; };
		E89CEF602136C37E00072337 /* Info.plist */ = {isa = PBXFileReference; lastKnownFileType = text.plist.xml; path = Info.plist; sourceTree = "<group>"; };
		E89CEF6D2136C91400072337 /* BaseViewController.swift */ = {isa = PBXFileReference; lastKnownFileType = sourcecode.swift; path = BaseViewController.swift; sourceTree = "<group>"; };
		E89CEF702136CD0200072337 /* PhotosViewController.swift */ = {isa = PBXFileReference; lastKnownFileType = sourcecode.swift; path = PhotosViewController.swift; sourceTree = "<group>"; };
		E8AA568D21373A0200ECF0EF /* PhotosViewModel.swift */ = {isa = PBXFileReference; lastKnownFileType = sourcecode.swift; path = PhotosViewModel.swift; sourceTree = "<group>"; };
		E8AA568F21373ADC00ECF0EF /* PhotoManager.swift */ = {isa = PBXFileReference; lastKnownFileType = sourcecode.swift; path = PhotoManager.swift; sourceTree = "<group>"; };
		E8AA56922138261C00ECF0EF /* DateExtension.swift */ = {isa = PBXFileReference; lastKnownFileType = sourcecode.swift; path = DateExtension.swift; sourceTree = "<group>"; };
		E8AA56AF21383D6D00ECF0EF /* ImageCollectionViewCell.swift */ = {isa = PBXFileReference; lastKnownFileType = sourcecode.swift; path = ImageCollectionViewCell.swift; sourceTree = "<group>"; };
		E8B1751D213D79760019BA10 /* UICollectionViewExtension.swift */ = {isa = PBXFileReference; lastKnownFileType = sourcecode.swift; path = UICollectionViewExtension.swift; sourceTree = "<group>"; };
		F74CF48A9A75771E76DF4016 /* Pods-PhotoApp.debug.xcconfig */ = {isa = PBXFileReference; includeInIndex = 1; lastKnownFileType = text.xcconfig; name = "Pods-PhotoApp.debug.xcconfig"; path = "Pods/Target Support Files/Pods-PhotoApp/Pods-PhotoApp.debug.xcconfig"; sourceTree = "<group>"; };
		FF427B55EE85E42DB8DA16C3 /* Pods-PhotoApp.release.xcconfig */ = {isa = PBXFileReference; includeInIndex = 1; lastKnownFileType = text.xcconfig; name = "Pods-PhotoApp.release.xcconfig"; path = "Pods/Target Support Files/Pods-PhotoApp/Pods-PhotoApp.release.xcconfig"; sourceTree = "<group>"; };
/* End PBXFileReference section */

/* Begin PBXFrameworksBuildPhase section */
		E89CEF382136C37C00072337 /* Frameworks */ = {
			isa = PBXFrameworksBuildPhase;
			buildActionMask = 2147483647;
			files = (
				605AABA3217B071DD0DDB074 /* Pods_PhotoApp.framework in Frameworks */,
			);
			runOnlyForDeploymentPostprocessing = 0;
		};
		E89CEF4C2136C37E00072337 /* Frameworks */ = {
			isa = PBXFrameworksBuildPhase;
			buildActionMask = 2147483647;
			files = (
				F18E33213D060ECA7E3C543C /* Pods_PhotoAppTests.framework in Frameworks */,
			);
			runOnlyForDeploymentPostprocessing = 0;
		};
		E89CEF572136C37E00072337 /* Frameworks */ = {
			isa = PBXFrameworksBuildPhase;
			buildActionMask = 2147483647;
			files = (
				CC62F68BB2EEDBBF3F5C3C4B /* Pods_PhotoAppUITests.framework in Frameworks */,
			);
			runOnlyForDeploymentPostprocessing = 0;
		};
/* End PBXFrameworksBuildPhase section */

/* Begin PBXGroup section */
		CF21B5D418941EB7AB279103 /* Frameworks */ = {
			isa = PBXGroup;
			children = (
				7ECF6D6F6F2A125F74905B0B /* Pods_PhotoApp.framework */,
				D961DCE5DAB1D3EEDF974791 /* Pods_PhotoAppTests.framework */,
				2A408F6D74D0A3CB2B6F23DE /* Pods_PhotoAppUITests.framework */,
			);
			name = Frameworks;
			sourceTree = "<group>";
		};
		D7F09EF9785F4A12414D5125 /* Pods */ = {
			isa = PBXGroup;
			children = (
				F74CF48A9A75771E76DF4016 /* Pods-PhotoApp.debug.xcconfig */,
				FF427B55EE85E42DB8DA16C3 /* Pods-PhotoApp.release.xcconfig */,
				173EC71147A5C7BB09A596F5 /* Pods-PhotoAppTests.debug.xcconfig */,
				BD674B8AEBA5FF3E12E92937 /* Pods-PhotoAppTests.release.xcconfig */,
				3A81E6C3703B2DE17DE3A406 /* Pods-PhotoAppUITests.debug.xcconfig */,
				AEBE3A6ECA17017A7448A546 /* Pods-PhotoAppUITests.release.xcconfig */,
			);
			name = Pods;
			sourceTree = "<group>";
		};
		E89CEF322136C37C00072337 = {
			isa = PBXGroup;
			children = (
				E89CEF3D2136C37C00072337 /* PhotoApp */,
				E89CEF522136C37E00072337 /* PhotoAppTests */,
				E89CEF5D2136C37E00072337 /* PhotoAppUITests */,
				E89CEF3C2136C37C00072337 /* Products */,
				D7F09EF9785F4A12414D5125 /* Pods */,
				CF21B5D418941EB7AB279103 /* Frameworks */,
			);
			sourceTree = "<group>";
		};
		E89CEF3C2136C37C00072337 /* Products */ = {
			isa = PBXGroup;
			children = (
				E89CEF3B2136C37C00072337 /* PhotoApp.app */,
				E89CEF4F2136C37E00072337 /* PhotoAppTests.xctest */,
				E89CEF5A2136C37E00072337 /* PhotoAppUITests.xctest */,
			);
			name = Products;
			sourceTree = "<group>";
		};
		E89CEF3D2136C37C00072337 /* PhotoApp */ = {
			isa = PBXGroup;
			children = (
				E89CEF3E2136C37C00072337 /* AppDelegate.swift */,
				E8AA56AE21383D5600ECF0EF /* Control */,
				E8AA56912138219B00ECF0EF /* Utils */,
				E8AA568C213739F000ECF0EF /* Service */,
				E89CEF6F2136CB9D00072337 /* Photo */,
				E89CEF6C2136C90400072337 /* Common */,
				E89CEF452136C37E00072337 /* Assets.xcassets */,
				E89CEF472136C37E00072337 /* LaunchScreen.storyboard */,
				E89CEF4A2136C37E00072337 /* Info.plist */,
			);
			path = PhotoApp;
			sourceTree = "<group>";
		};
		E89CEF522136C37E00072337 /* PhotoAppTests */ = {
			isa = PBXGroup;
			children = (
				E89CEF532136C37E00072337 /* PhotoAppTests.swift */,
				E89CEF552136C37E00072337 /* Info.plist */,
			);
			path = PhotoAppTests;
			sourceTree = "<group>";
		};
		E89CEF5D2136C37E00072337 /* PhotoAppUITests */ = {
			isa = PBXGroup;
			children = (
				E89CEF5E2136C37E00072337 /* PhotoAppUITests.swift */,
				E89CEF602136C37E00072337 /* Info.plist */,
			);
			path = PhotoAppUITests;
			sourceTree = "<group>";
		};
		E89CEF6C2136C90400072337 /* Common */ = {
			isa = PBXGroup;
			children = (
				E89CEF6D2136C91400072337 /* BaseViewController.swift */,
				E83D6CC72138E66C00FAA264 /* BaseCollectionViewCell.swift */,
			);
			path = Common;
			sourceTree = "<group>";
		};
		E89CEF6F2136CB9D00072337 /* Photo */ = {
			isa = PBXGroup;
			children = (
				E89CEF702136CD0200072337 /* PhotosViewController.swift */,
				E8AA568D21373A0200ECF0EF /* PhotosViewModel.swift */,
				E83D6CCB2139C37B00FAA264 /* PhotoViewController.swift */,
			);
			path = Photo;
			sourceTree = "<group>";
		};
		E8AA568C213739F000ECF0EF /* Service */ = {
			isa = PBXGroup;
			children = (
				E8AA568F21373ADC00ECF0EF /* PhotoManager.swift */,
				E83D6CD3213B702200FAA264 /* DataManager.swift */,
				E83D6CCF213B5FBE00FAA264 /* Repository.swift */,
				E83D6CD1213B606800FAA264 /* ServerRepository.swift */,
			);
			path = Service;
			sourceTree = "<group>";
		};
		E8AA56912138219B00ECF0EF /* Utils */ = {
			isa = PBXGroup;
			children = (
				E8AA56922138261C00ECF0EF /* DateExtension.swift */,
				E83D6CC921392ADB00FAA264 /* UIImageExtension.swift */,
				E83D6CCD2139CA6600FAA264 /* UIImageViewExtension.swift */,
				E8B1751D213D79760019BA10 /* UICollectionViewExtension.swift */,
			);
			path = Utils;
			sourceTree = "<group>";
		};
		E8AA56AE21383D5600ECF0EF /* Control */ = {
			isa = PBXGroup;
			children = (
				E8AA56AF21383D6D00ECF0EF /* ImageCollectionViewCell.swift */,
			);
			path = Control;
			sourceTree = "<group>";
		};
/* End PBXGroup section */

/* Begin PBXNativeTarget section */
		E89CEF3A2136C37C00072337 /* PhotoApp */ = {
			isa = PBXNativeTarget;
			buildConfigurationList = E89CEF632136C37E00072337 /* Build configuration list for PBXNativeTarget "PhotoApp" */;
			buildPhases = (
				28C88E30FBB1024B3CC469B8 /* [CP] Check Pods Manifest.lock */,
				E89CEF372136C37C00072337 /* Sources */,
				E89CEF382136C37C00072337 /* Frameworks */,
				E89CEF392136C37C00072337 /* Resources */,
				0446FE133ED2A47D1B7835FE /* [CP] Embed Pods Frameworks */,
			);
			buildRules = (
			);
			dependencies = (
			);
			name = PhotoApp;
			productName = PhotoApp;
			productReference = E89CEF3B2136C37C00072337 /* PhotoApp.app */;
			productType = "com.apple.product-type.application";
		};
		E89CEF4E2136C37E00072337 /* PhotoAppTests */ = {
			isa = PBXNativeTarget;
			buildConfigurationList = E89CEF662136C37E00072337 /* Build configuration list for PBXNativeTarget "PhotoAppTests" */;
			buildPhases = (
				9037C543B7F0A9E23ADA5112 /* [CP] Check Pods Manifest.lock */,
				E89CEF4B2136C37E00072337 /* Sources */,
				E89CEF4C2136C37E00072337 /* Frameworks */,
				E89CEF4D2136C37E00072337 /* Resources */,
			);
			buildRules = (
			);
			dependencies = (
				E89CEF512136C37E00072337 /* PBXTargetDependency */,
			);
			name = PhotoAppTests;
			productName = PhotoAppTests;
			productReference = E89CEF4F2136C37E00072337 /* PhotoAppTests.xctest */;
			productType = "com.apple.product-type.bundle.unit-test";
		};
		E89CEF592136C37E00072337 /* PhotoAppUITests */ = {
			isa = PBXNativeTarget;
			buildConfigurationList = E89CEF692136C37E00072337 /* Build configuration list for PBXNativeTarget "PhotoAppUITests" */;
			buildPhases = (
				01422B40163E1319D7ECA829 /* [CP] Check Pods Manifest.lock */,
				E89CEF562136C37E00072337 /* Sources */,
				E89CEF572136C37E00072337 /* Frameworks */,
				E89CEF582136C37E00072337 /* Resources */,
			);
			buildRules = (
			);
			dependencies = (
				E89CEF5C2136C37E00072337 /* PBXTargetDependency */,
			);
			name = PhotoAppUITests;
			productName = PhotoAppUITests;
			productReference = E89CEF5A2136C37E00072337 /* PhotoAppUITests.xctest */;
			productType = "com.apple.product-type.bundle.ui-testing";
		};
/* End PBXNativeTarget section */

/* Begin PBXProject section */
		E89CEF332136C37C00072337 /* Project object */ = {
			isa = PBXProject;
			attributes = {
				LastSwiftUpdateCheck = 0940;
				LastUpgradeCheck = 0940;
				ORGANIZATIONNAME = "Hai Le Thanh";
				TargetAttributes = {
					E89CEF3A2136C37C00072337 = {
						CreatedOnToolsVersion = 9.4.1;
					};
					E89CEF4E2136C37E00072337 = {
						CreatedOnToolsVersion = 9.4.1;
						TestTargetID = E89CEF3A2136C37C00072337;
					};
					E89CEF592136C37E00072337 = {
						CreatedOnToolsVersion = 9.4.1;
						TestTargetID = E89CEF3A2136C37C00072337;
					};
				};
			};
			buildConfigurationList = E89CEF362136C37C00072337 /* Build configuration list for PBXProject "PhotoApp" */;
			compatibilityVersion = "Xcode 9.3";
			developmentRegion = en;
			hasScannedForEncodings = 0;
			knownRegions = (
				en,
				Base,
			);
			mainGroup = E89CEF322136C37C00072337;
			productRefGroup = E89CEF3C2136C37C00072337 /* Products */;
			projectDirPath = "";
			projectRoot = "";
			targets = (
				E89CEF3A2136C37C00072337 /* PhotoApp */,
				E89CEF4E2136C37E00072337 /* PhotoAppTests */,
				E89CEF592136C37E00072337 /* PhotoAppUITests */,
			);
		};
/* End PBXProject section */

/* Begin PBXResourcesBuildPhase section */
		E89CEF392136C37C00072337 /* Resources */ = {
			isa = PBXResourcesBuildPhase;
			buildActionMask = 2147483647;
			files = (
				E89CEF492136C37E00072337 /* LaunchScreen.storyboard in Resources */,
				E89CEF462136C37E00072337 /* Assets.xcassets in Resources */,
			);
			runOnlyForDeploymentPostprocessing = 0;
		};
		E89CEF4D2136C37E00072337 /* Resources */ = {
			isa = PBXResourcesBuildPhase;
			buildActionMask = 2147483647;
			files = (
			);
			runOnlyForDeploymentPostprocessing = 0;
		};
		E89CEF582136C37E00072337 /* Resources */ = {
			isa = PBXResourcesBuildPhase;
			buildActionMask = 2147483647;
			files = (
			);
			runOnlyForDeploymentPostprocessing = 0;
		};
/* End PBXResourcesBuildPhase section */

/* Begin PBXShellScriptBuildPhase section */
		01422B40163E1319D7ECA829 /* [CP] Check Pods Manifest.lock */ = {
			isa = PBXShellScriptBuildPhase;
			buildActionMask = 2147483647;
			files = (
			);
			inputPaths = (
				"${PODS_PODFILE_DIR_PATH}/Podfile.lock",
				"${PODS_ROOT}/Manifest.lock",
			);
			name = "[CP] Check Pods Manifest.lock";
			outputPaths = (
				"$(DERIVED_FILE_DIR)/Pods-PhotoAppUITests-checkManifestLockResult.txt",
			);
			runOnlyForDeploymentPostprocessing = 0;
			shellPath = /bin/sh;
			shellScript = "diff \"${PODS_PODFILE_DIR_PATH}/Podfile.lock\" \"${PODS_ROOT}/Manifest.lock\" > /dev/null\nif [ $? != 0 ] ; then\n    # print error to STDERR\n    echo \"error: The sandbox is not in sync with the Podfile.lock. Run 'pod install' or update your CocoaPods installation.\" >&2\n    exit 1\nfi\n# This output is used by Xcode 'outputs' to avoid re-running this script phase.\necho \"SUCCESS\" > \"${SCRIPT_OUTPUT_FILE_0}\"\n";
			showEnvVarsInLog = 0;
		};
		0446FE133ED2A47D1B7835FE /* [CP] Embed Pods Frameworks */ = {
			isa = PBXShellScriptBuildPhase;
			buildActionMask = 2147483647;
			files = (
			);
			inputPaths = (
				"${SRCROOT}/Pods/Target Support Files/Pods-PhotoApp/Pods-PhotoApp-frameworks.sh",
				"${BUILT_PRODUCTS_DIR}/EasyPeasy/EasyPeasy.framework",
				"${BUILT_PRODUCTS_DIR}/NSObject+Rx/NSObject_Rx.framework",
				"${BUILT_PRODUCTS_DIR}/PHDiff/PHDiff.framework",
				"${BUILT_PRODUCTS_DIR}/RxCocoa/RxCocoa.framework",
				"${BUILT_PRODUCTS_DIR}/RxSwift/RxSwift.framework",
			);
			name = "[CP] Embed Pods Frameworks";
			outputPaths = (
				"${TARGET_BUILD_DIR}/${FRAMEWORKS_FOLDER_PATH}/EasyPeasy.framework",
				"${TARGET_BUILD_DIR}/${FRAMEWORKS_FOLDER_PATH}/NSObject_Rx.framework",
				"${TARGET_BUILD_DIR}/${FRAMEWORKS_FOLDER_PATH}/PHDiff.framework",
				"${TARGET_BUILD_DIR}/${FRAMEWORKS_FOLDER_PATH}/RxCocoa.framework",
				"${TARGET_BUILD_DIR}/${FRAMEWORKS_FOLDER_PATH}/RxSwift.framework",
			);
			runOnlyForDeploymentPostprocessing = 0;
			shellPath = /bin/sh;
			shellScript = "\"${SRCROOT}/Pods/Target Support Files/Pods-PhotoApp/Pods-PhotoApp-frameworks.sh\"\n";
			showEnvVarsInLog = 0;
		};
		28C88E30FBB1024B3CC469B8 /* [CP] Check Pods Manifest.lock */ = {
			isa = PBXShellScriptBuildPhase;
			buildActionMask = 2147483647;
			files = (
			);
			inputPaths = (
				"${PODS_PODFILE_DIR_PATH}/Podfile.lock",
				"${PODS_ROOT}/Manifest.lock",
			);
			name = "[CP] Check Pods Manifest.lock";
			outputPaths = (
				"$(DERIVED_FILE_DIR)/Pods-PhotoApp-checkManifestLockResult.txt",
			);
			runOnlyForDeploymentPostprocessing = 0;
			shellPath = /bin/sh;
			shellScript = "diff \"${PODS_PODFILE_DIR_PATH}/Podfile.lock\" \"${PODS_ROOT}/Manifest.lock\" > /dev/null\nif [ $? != 0 ] ; then\n    # print error to STDERR\n    echo \"error: The sandbox is not in sync with the Podfile.lock. Run 'pod install' or update your CocoaPods installation.\" >&2\n    exit 1\nfi\n# This output is used by Xcode 'outputs' to avoid re-running this script phase.\necho \"SUCCESS\" > \"${SCRIPT_OUTPUT_FILE_0}\"\n";
			showEnvVarsInLog = 0;
		};
		9037C543B7F0A9E23ADA5112 /* [CP] Check Pods Manifest.lock */ = {
			isa = PBXShellScriptBuildPhase;
			buildActionMask = 2147483647;
			files = (
			);
			inputPaths = (
				"${PODS_PODFILE_DIR_PATH}/Podfile.lock",
				"${PODS_ROOT}/Manifest.lock",
			);
			name = "[CP] Check Pods Manifest.lock";
			outputPaths = (
				"$(DERIVED_FILE_DIR)/Pods-PhotoAppTests-checkManifestLockResult.txt",
			);
			runOnlyForDeploymentPostprocessing = 0;
			shellPath = /bin/sh;
			shellScript = "diff \"${PODS_PODFILE_DIR_PATH}/Podfile.lock\" \"${PODS_ROOT}/Manifest.lock\" > /dev/null\nif [ $? != 0 ] ; then\n    # print error to STDERR\n    echo \"error: The sandbox is not in sync with the Podfile.lock. Run 'pod install' or update your CocoaPods installation.\" >&2\n    exit 1\nfi\n# This output is used by Xcode 'outputs' to avoid re-running this script phase.\necho \"SUCCESS\" > \"${SCRIPT_OUTPUT_FILE_0}\"\n";
			showEnvVarsInLog = 0;
		};
/* End PBXShellScriptBuildPhase section */

/* Begin PBXSourcesBuildPhase section */
		E89CEF372136C37C00072337 /* Sources */ = {
			isa = PBXSourcesBuildPhase;
			buildActionMask = 2147483647;
			files = (
				E89CEF712136CD0200072337 /* PhotosViewController.swift in Sources */,
				E83D6CC82138E66C00FAA264 /* BaseCollectionViewCell.swift in Sources */,
				E8AA56932138261C00ECF0EF /* DateExtension.swift in Sources */,
				E83D6CD4213B702200FAA264 /* DataManager.swift in Sources */,
				E8B1751E213D79760019BA10 /* UICollectionViewExtension.swift in Sources */,
				E8AA569021373ADC00ECF0EF /* PhotoManager.swift in Sources */,
				E8AA56B021383D6D00ECF0EF /* ImageCollectionViewCell.swift in Sources */,
				E83D6CCA21392ADB00FAA264 /* UIImageExtension.swift in Sources */,
				E83D6CCE2139CA6600FAA264 /* UIImageViewExtension.swift in Sources */,
				E83D6CD2213B606800FAA264 /* ServerRepository.swift in Sources */,
				E8AA568E21373A0200ECF0EF /* PhotosViewModel.swift in Sources */,
				E89CEF3F2136C37C00072337 /* AppDelegate.swift in Sources */,
				E89CEF6E2136C91400072337 /* BaseViewController.swift in Sources */,
				E83D6CCC2139C37B00FAA264 /* PhotoViewController.swift in Sources */,
				E83D6CD0213B5FBE00FAA264 /* Repository.swift in Sources */,
			);
			runOnlyForDeploymentPostprocessing = 0;
		};
		E89CEF4B2136C37E00072337 /* Sources */ = {
			isa = PBXSourcesBuildPhase;
			buildActionMask = 2147483647;
			files = (
				E89CEF542136C37E00072337 /* PhotoAppTests.swift in Sources */,
			);
			runOnlyForDeploymentPostprocessing = 0;
		};
		E89CEF562136C37E00072337 /* Sources */ = {
			isa = PBXSourcesBuildPhase;
			buildActionMask = 2147483647;
			files = (
				E89CEF5F2136C37E00072337 /* PhotoAppUITests.swift in Sources */,
			);
			runOnlyForDeploymentPostprocessing = 0;
		};
/* End PBXSourcesBuildPhase section */

/* Begin PBXTargetDependency section */
		E89CEF512136C37E00072337 /* PBXTargetDependency */ = {
			isa = PBXTargetDependency;
			target = E89CEF3A2136C37C00072337 /* PhotoApp */;
			targetProxy = E89CEF502136C37E00072337 /* PBXContainerItemProxy */;
		};
		E89CEF5C2136C37E00072337 /* PBXTargetDependency */ = {
			isa = PBXTargetDependency;
			target = E89CEF3A2136C37C00072337 /* PhotoApp */;
			targetProxy = E89CEF5B2136C37E00072337 /* PBXContainerItemProxy */;
		};
/* End PBXTargetDependency section */

/* Begin PBXVariantGroup section */
		E89CEF472136C37E00072337 /* LaunchScreen.storyboard */ = {
			isa = PBXVariantGroup;
			children = (
				E89CEF482136C37E00072337 /* Base */,
			);
			name = LaunchScreen.storyboard;
			sourceTree = "<group>";
		};
/* End PBXVariantGroup section */

/* Begin XCBuildConfiguration section */
		E89CEF612136C37E00072337 /* Debug */ = {
			isa = XCBuildConfiguration;
			buildSettings = {
				ALWAYS_SEARCH_USER_PATHS = NO;
				CLANG_ANALYZER_NONNULL = YES;
				CLANG_ANALYZER_NUMBER_OBJECT_CONVERSION = YES_AGGRESSIVE;
				CLANG_CXX_LANGUAGE_STANDARD = "gnu++14";
				CLANG_CXX_LIBRARY = "libc++";
				CLANG_ENABLE_MODULES = YES;
				CLANG_ENABLE_OBJC_ARC = YES;
				CLANG_ENABLE_OBJC_WEAK = YES;
				CLANG_WARN_BLOCK_CAPTURE_AUTORELEASING = YES;
				CLANG_WARN_BOOL_CONVERSION = YES;
				CLANG_WARN_COMMA = YES;
				CLANG_WARN_CONSTANT_CONVERSION = YES;
				CLANG_WARN_DEPRECATED_OBJC_IMPLEMENTATIONS = YES;
				CLANG_WARN_DIRECT_OBJC_ISA_USAGE = YES_ERROR;
				CLANG_WARN_DOCUMENTATION_COMMENTS = YES;
				CLANG_WARN_EMPTY_BODY = YES;
				CLANG_WARN_ENUM_CONVERSION = YES;
				CLANG_WARN_INFINITE_RECURSION = YES;
				CLANG_WARN_INT_CONVERSION = YES;
				CLANG_WARN_NON_LITERAL_NULL_CONVERSION = YES;
				CLANG_WARN_OBJC_IMPLICIT_RETAIN_SELF = YES;
				CLANG_WARN_OBJC_LITERAL_CONVERSION = YES;
				CLANG_WARN_OBJC_ROOT_CLASS = YES_ERROR;
				CLANG_WARN_RANGE_LOOP_ANALYSIS = YES;
				CLANG_WARN_STRICT_PROTOTYPES = YES;
				CLANG_WARN_SUSPICIOUS_MOVE = YES;
				CLANG_WARN_UNGUARDED_AVAILABILITY = YES_AGGRESSIVE;
				CLANG_WARN_UNREACHABLE_CODE = YES;
				CLANG_WARN__DUPLICATE_METHOD_MATCH = YES;
				CODE_SIGN_IDENTITY = "iPhone Developer";
				COPY_PHASE_STRIP = NO;
				DEBUG_INFORMATION_FORMAT = dwarf;
				ENABLE_STRICT_OBJC_MSGSEND = YES;
				ENABLE_TESTABILITY = YES;
				GCC_C_LANGUAGE_STANDARD = gnu11;
				GCC_DYNAMIC_NO_PIC = NO;
				GCC_NO_COMMON_BLOCKS = YES;
				GCC_OPTIMIZATION_LEVEL = 0;
				GCC_PREPROCESSOR_DEFINITIONS = (
					"DEBUG=1",
					"$(inherited)",
				);
				GCC_WARN_64_TO_32_BIT_CONVERSION = YES;
				GCC_WARN_ABOUT_RETURN_TYPE = YES_ERROR;
				GCC_WARN_UNDECLARED_SELECTOR = YES;
				GCC_WARN_UNINITIALIZED_AUTOS = YES_AGGRESSIVE;
				GCC_WARN_UNUSED_FUNCTION = YES;
				GCC_WARN_UNUSED_VARIABLE = YES;
				IPHONEOS_DEPLOYMENT_TARGET = 11.4;
				MTL_ENABLE_DEBUG_INFO = YES;
				ONLY_ACTIVE_ARCH = YES;
				SDKROOT = iphoneos;
				SWIFT_ACTIVE_COMPILATION_CONDITIONS = DEBUG;
				SWIFT_OPTIMIZATION_LEVEL = "-Onone";
			};
			name = Debug;
		};
		E89CEF622136C37E00072337 /* Release */ = {
			isa = XCBuildConfiguration;
			buildSettings = {
				ALWAYS_SEARCH_USER_PATHS = NO;
				CLANG_ANALYZER_NONNULL = YES;
				CLANG_ANALYZER_NUMBER_OBJECT_CONVERSION = YES_AGGRESSIVE;
				CLANG_CXX_LANGUAGE_STANDARD = "gnu++14";
				CLANG_CXX_LIBRARY = "libc++";
				CLANG_ENABLE_MODULES = YES;
				CLANG_ENABLE_OBJC_ARC = YES;
				CLANG_ENABLE_OBJC_WEAK = YES;
				CLANG_WARN_BLOCK_CAPTURE_AUTORELEASING = YES;
				CLANG_WARN_BOOL_CONVERSION = YES;
				CLANG_WARN_COMMA = YES;
				CLANG_WARN_CONSTANT_CONVERSION = YES;
				CLANG_WARN_DEPRECATED_OBJC_IMPLEMENTATIONS = YES;
				CLANG_WARN_DIRECT_OBJC_ISA_USAGE = YES_ERROR;
				CLANG_WARN_DOCUMENTATION_COMMENTS = YES;
				CLANG_WARN_EMPTY_BODY = YES;
				CLANG_WARN_ENUM_CONVERSION = YES;
				CLANG_WARN_INFINITE_RECURSION = YES;
				CLANG_WARN_INT_CONVERSION = YES;
				CLANG_WARN_NON_LITERAL_NULL_CONVERSION = YES;
				CLANG_WARN_OBJC_IMPLICIT_RETAIN_SELF = YES;
				CLANG_WARN_OBJC_LITERAL_CONVERSION = YES;
				CLANG_WARN_OBJC_ROOT_CLASS = YES_ERROR;
				CLANG_WARN_RANGE_LOOP_ANALYSIS = YES;
				CLANG_WARN_STRICT_PROTOTYPES = YES;
				CLANG_WARN_SUSPICIOUS_MOVE = YES;
				CLANG_WARN_UNGUARDED_AVAILABILITY = YES_AGGRESSIVE;
				CLANG_WARN_UNREACHABLE_CODE = YES;
				CLANG_WARN__DUPLICATE_METHOD_MATCH = YES;
				CODE_SIGN_IDENTITY = "iPhone Developer";
				COPY_PHASE_STRIP = NO;
				DEBUG_INFORMATION_FORMAT = "dwarf-with-dsym";
				ENABLE_NS_ASSERTIONS = NO;
				ENABLE_STRICT_OBJC_MSGSEND = YES;
				GCC_C_LANGUAGE_STANDARD = gnu11;
				GCC_NO_COMMON_BLOCKS = YES;
				GCC_WARN_64_TO_32_BIT_CONVERSION = YES;
				GCC_WARN_ABOUT_RETURN_TYPE = YES_ERROR;
				GCC_WARN_UNDECLARED_SELECTOR = YES;
				GCC_WARN_UNINITIALIZED_AUTOS = YES_AGGRESSIVE;
				GCC_WARN_UNUSED_FUNCTION = YES;
				GCC_WARN_UNUSED_VARIABLE = YES;
				IPHONEOS_DEPLOYMENT_TARGET = 11.4;
				MTL_ENABLE_DEBUG_INFO = NO;
				SDKROOT = iphoneos;
				SWIFT_COMPILATION_MODE = wholemodule;
				SWIFT_OPTIMIZATION_LEVEL = "-O";
				VALIDATE_PRODUCT = YES;
			};
			name = Release;
		};
		E89CEF642136C37E00072337 /* Debug */ = {
			isa = XCBuildConfiguration;
			baseConfigurationReference = F74CF48A9A75771E76DF4016 /* Pods-PhotoApp.debug.xcconfig */;
			buildSettings = {
				ASSETCATALOG_COMPILER_APPICON_NAME = AppIcon;
				CODE_SIGN_IDENTITY = "iPhone Developer";
				CODE_SIGN_STYLE = Automatic;
				DEVELOPMENT_TEAM = 5Q7X663MJ7;
				INFOPLIST_FILE = PhotoApp/Info.plist;
				IPHONEOS_DEPLOYMENT_TARGET = 10.0;
				LD_RUNPATH_SEARCH_PATHS = (
					"$(inherited)",
					"@executable_path/Frameworks",
				);
				PRODUCT_BUNDLE_IDENTIFIER = com.haile.PhotoApp;
				PRODUCT_NAME = "$(TARGET_NAME)";
				PROVISIONING_PROFILE_SPECIFIER = "";
				SWIFT_VERSION = 4.0;
				TARGETED_DEVICE_FAMILY = "1,2";
			};
			name = Debug;
		};
		E89CEF652136C37E00072337 /* Release */ = {
			isa = XCBuildConfiguration;
			baseConfigurationReference = FF427B55EE85E42DB8DA16C3 /* Pods-PhotoApp.release.xcconfig */;
			buildSettings = {
				ASSETCATALOG_COMPILER_APPICON_NAME = AppIcon;
				CODE_SIGN_IDENTITY = "iPhone Developer";
				CODE_SIGN_STYLE = Automatic;
				DEVELOPMENT_TEAM = 5Q7X663MJ7;
				INFOPLIST_FILE = PhotoApp/Info.plist;
				IPHONEOS_DEPLOYMENT_TARGET = 10.0;
				LD_RUNPATH_SEARCH_PATHS = (
					"$(inherited)",
					"@executable_path/Frameworks",
				);
				PRODUCT_BUNDLE_IDENTIFIER = com.haile.PhotoApp;
				PRODUCT_NAME = "$(TARGET_NAME)";
				PROVISIONING_PROFILE_SPECIFIER = "";
				SWIFT_VERSION = 4.0;
				TARGETED_DEVICE_FAMILY = "1,2";
			};
			name = Release;
		};
		E89CEF672136C37E00072337 /* Debug */ = {
			isa = XCBuildConfiguration;
			baseConfigurationReference = 173EC71147A5C7BB09A596F5 /* Pods-PhotoAppTests.debug.xcconfig */;
			buildSettings = {
				ALWAYS_EMBED_SWIFT_STANDARD_LIBRARIES = YES;
				BUNDLE_LOADER = "$(TEST_HOST)";
				CODE_SIGN_STYLE = Automatic;
				INFOPLIST_FILE = PhotoAppTests/Info.plist;
				LD_RUNPATH_SEARCH_PATHS = (
					"$(inherited)",
					"@executable_path/Frameworks",
					"@loader_path/Frameworks",
				);
				PRODUCT_BUNDLE_IDENTIFIER = com.haile.PhotoAppTests;
				PRODUCT_NAME = "$(TARGET_NAME)";
				SWIFT_VERSION = 4.0;
				TARGETED_DEVICE_FAMILY = "1,2";
				TEST_HOST = "$(BUILT_PRODUCTS_DIR)/PhotoApp.app/PhotoApp";
			};
			name = Debug;
		};
		E89CEF682136C37E00072337 /* Release */ = {
			isa = XCBuildConfiguration;
			baseConfigurationReference = BD674B8AEBA5FF3E12E92937 /* Pods-PhotoAppTests.release.xcconfig */;
			buildSettings = {
				ALWAYS_EMBED_SWIFT_STANDARD_LIBRARIES = YES;
				BUNDLE_LOADER = "$(TEST_HOST)";
				CODE_SIGN_STYLE = Automatic;
				INFOPLIST_FILE = PhotoAppTests/Info.plist;
				LD_RUNPATH_SEARCH_PATHS = (
					"$(inherited)",
					"@executable_path/Frameworks",
					"@loader_path/Frameworks",
				);
				PRODUCT_BUNDLE_IDENTIFIER = com.haile.PhotoAppTests;
				PRODUCT_NAME = "$(TARGET_NAME)";
				SWIFT_VERSION = 4.0;
				TARGETED_DEVICE_FAMILY = "1,2";
				TEST_HOST = "$(BUILT_PRODUCTS_DIR)/PhotoApp.app/PhotoApp";
			};
			name = Release;
		};
		E89CEF6A2136C37E00072337 /* Debug */ = {
			isa = XCBuildConfiguration;
			baseConfigurationReference = 3A81E6C3703B2DE17DE3A406 /* Pods-PhotoAppUITests.debug.xcconfig */;
			buildSettings = {
				ALWAYS_EMBED_SWIFT_STANDARD_LIBRARIES = YES;
				CODE_SIGN_STYLE = Automatic;
				INFOPLIST_FILE = PhotoAppUITests/Info.plist;
				LD_RUNPATH_SEARCH_PATHS = (
					"$(inherited)",
					"@executable_path/Frameworks",
					"@loader_path/Frameworks",
				);
				PRODUCT_BUNDLE_IDENTIFIER = com.haile.PhotoAppUITests;
				PRODUCT_NAME = "$(TARGET_NAME)";
				SWIFT_VERSION = 4.0;
				TARGETED_DEVICE_FAMILY = "1,2";
				TEST_TARGET_NAME = PhotoApp;
			};
			name = Debug;
		};
		E89CEF6B2136C37E00072337 /* Release */ = {
			isa = XCBuildConfiguration;
			baseConfigurationReference = AEBE3A6ECA17017A7448A546 /* Pods-PhotoAppUITests.release.xcconfig */;
			buildSettings = {
				ALWAYS_EMBED_SWIFT_STANDARD_LIBRARIES = YES;
				CODE_SIGN_STYLE = Automatic;
				INFOPLIST_FILE = PhotoAppUITests/Info.plist;
				LD_RUNPATH_SEARCH_PATHS = (
					"$(inherited)",
					"@executable_path/Frameworks",
					"@loader_path/Frameworks",
				);
				PRODUCT_BUNDLE_IDENTIFIER = com.haile.PhotoAppUITests;
				PRODUCT_NAME = "$(TARGET_NAME)";
				SWIFT_VERSION = 4.0;
				TARGETED_DEVICE_FAMILY = "1,2";
				TEST_TARGET_NAME = PhotoApp;
			};
			name = Release;
		};
/* End XCBuildConfiguration section */

/* Begin XCConfigurationList section */
		E89CEF362136C37C00072337 /* Build configuration list for PBXProject "PhotoApp" */ = {
			isa = XCConfigurationList;
			buildConfigurations = (
				E89CEF612136C37E00072337 /* Debug */,
				E89CEF622136C37E00072337 /* Release */,
			);
			defaultConfigurationIsVisible = 0;
			defaultConfigurationName = Release;
		};
		E89CEF632136C37E00072337 /* Build configuration list for PBXNativeTarget "PhotoApp" */ = {
			isa = XCConfigurationList;
			buildConfigurations = (
				E89CEF642136C37E00072337 /* Debug */,
				E89CEF652136C37E00072337 /* Release */,
			);
			defaultConfigurationIsVisible = 0;
			defaultConfigurationName = Release;
		};
		E89CEF662136C37E00072337 /* Build configuration list for PBXNativeTarget "PhotoAppTests" */ = {
			isa = XCConfigurationList;
			buildConfigurations = (
				E89CEF672136C37E00072337 /* Debug */,
				E89CEF682136C37E00072337 /* Release */,
			);
			defaultConfigurationIsVisible = 0;
			defaultConfigurationName = Release;
		};
		E89CEF692136C37E00072337 /* Build configuration list for PBXNativeTarget "PhotoAppUITests" */ = {
			isa = XCConfigurationList;
			buildConfigurations = (
				E89CEF6A2136C37E00072337 /* Debug */,
				E89CEF6B2136C37E00072337 /* Release */,
			);
			defaultConfigurationIsVisible = 0;
			defaultConfigurationName = Release;
		};
/* End XCConfigurationList section */
	};
	rootObject = E89CEF332136C37C00072337 /* Project object */;
}
